// !$*UTF8*$!
{
	archiveVersion = 1;
	classes = {
	};
	objectVersion = 46;
	objects = {

/* Begin PBXBuildFile section */
		CA8697BF1DEFAD2000991A07 /* AppDelegate.swift in Sources */ = {isa = PBXBuildFile; fileRef = CA8697BE1DEFAD2000991A07 /* AppDelegate.swift */; };
		CA8697C11DEFAD2000991A07 /* ViewController.swift in Sources */ = {isa = PBXBuildFile; fileRef = CA8697C01DEFAD2000991A07 /* ViewController.swift */; };
		CA8697C41DEFAD2000991A07 /* Main.storyboard in Resources */ = {isa = PBXBuildFile; fileRef = CA8697C21DEFAD2000991A07 /* Main.storyboard */; };
		CA8697C61DEFAD2000991A07 /* Assets.xcassets in Resources */ = {isa = PBXBuildFile; fileRef = CA8697C51DEFAD2000991A07 /* Assets.xcassets */; };
		CA8697C91DEFAD2000991A07 /* LaunchScreen.storyboard in Resources */ = {isa = PBXBuildFile; fileRef = CA8697C71DEFAD2000991A07 /* LaunchScreen.storyboard */; };
		CA8697D11DEFBB1C00991A07 /* DefinitionViewController.swift in Sources */ = {isa = PBXBuildFile; fileRef = CA8697D01DEFBB1C00991A07 /* DefinitionViewController.swift */; };
/* End PBXBuildFile section */

/* Begin PBXFileReference section */
		CA8697BB1DEFAD2000991A07 /* Emoji Dictionary.app */ = {isa = PBXFileReference; explicitFileType = wrapper.application; includeInIndex = 0; path = "Emoji Dictionary.app"; sourceTree = BUILT_PRODUCTS_DIR; };
		CA8697BE1DEFAD2000991A07 /* AppDelegate.swift */ = {isa = PBXFileReference; lastKnownFileType = sourcecode.swift; path = AppDelegate.swift; sourceTree = "<group>"; };
		CA8697C01DEFAD2000991A07 /* ViewController.swift */ = {isa = PBXFileReference; lastKnownFileType = sourcecode.swift; path = ViewController.swift; sourceTree = "<group>"; };
		CA8697C31DEFAD2000991A07 /* Base */ = {isa = PBXFileReference; lastKnownFileType = file.storyboard; name = Base; path = Base.lproj/Main.storyboard; sourceTree = "<group>"; };
		CA8697C51DEFAD2000991A07 /* Assets.xcassets */ = {isa = PBXFileReference; lastKnownFileType = folder.assetcatalog; path = Assets.xcassets; sourceTree = "<group>"; };
		CA8697C81DEFAD2000991A07 /* Base */ = {isa = PBXFileReference; lastKnownFileType = file.storyboard; name = Base; path = Base.lproj/LaunchScreen.storyboard; sourceTree = "<group>"; };
		CA8697CA1DEFAD2000991A07 /* Info.plist */ = {isa = PBXFileReference; lastKnownFileType = text.plist.xml; path = Info.plist; sourceTree = "<group>"; };
		CA8697D01DEFBB1C00991A07 /* DefinitionViewController.swift */ = {isa = PBXFileReference; fileEncoding = 4; lastKnownFileType = sourcecode.swift; path = DefinitionViewController.swift; sourceTree = "<group>"; };
/* End PBXFileReference section */

/* Begin PBXFrameworksBuildPhase section */
		CA8697B81DEFAD2000991A07 /* Frameworks */ = {
			isa = PBXFrameworksBuildPhase;
			buildActionMask = 2147483647;
			files = (
			);
			runOnlyForDeploymentPostprocessing = 0;
		};
/* End PBXFrameworksBuildPhase section */

/* Begin PBXGroup section */
		CA8697B21DEFAD2000991A07 = {
			isa = PBXGroup;
			children = (
				CA8697BD1DEFAD2000991A07 /* Emoji Dictionary */,
				CA8697BC1DEFAD2000991A07 /* Products */,
			);
			sourceTree = "<group>";
		};
		CA8697BC1DEFAD2000991A07 /* Products */ = {
			isa = PBXGroup;
			children = (
				CA8697BB1DEFAD2000991A07 /* Emoji Dictionary.app */,
			);
			name = Products;
			sourceTree = "<group>";
		};
		CA8697BD1DEFAD2000991A07 /* Emoji Dictionary */ = {
			isa = PBXGroup;
			children = (
				CA8697BE1DEFAD2000991A07 /* AppDelegate.swift */,
				CA8697C01DEFAD2000991A07 /* ViewController.swift */,
				CA8697D01DEFBB1C00991A07 /* DefinitionViewController.swift */,
				CA8697C21DEFAD2000991A07 /* Main.storyboard */,
				CA8697C51DEFAD2000991A07 /* Assets.xcassets */,
				CA8697C71DEFAD2000991A07 /* LaunchScreen.storyboard */,
				CA8697CA1DEFAD2000991A07 /* Info.plist */,
			);
			path = "Emoji Dictionary";
			sourceTree = "<group>";
		};
/* End PBXGroup section */

/* Begin PBXNativeTarget section */
		CA8697BA1DEFAD2000991A07 /* Emoji Dictionary */ = {
			isa = PBXNativeTarget;
			buildConfigurationList = CA8697CD1DEFAD2000991A07 /* Build configuration list for PBXNativeTarget "Emoji Dictionary" */;
			buildPhases = (
				CA8697B71DEFAD2000991A07 /* Sources */,
				CA8697B81DEFAD2000991A07 /* Frameworks */,
				CA8697B91DEFAD2000991A07 /* Resources */,
			);
			buildRules = (
			);
			dependencies = (
			);
			name = "Emoji Dictionary";
			productName = "Emoji Dictionary";
			productReference = CA8697BB1DEFAD2000991A07 /* Emoji Dictionary.app */;
			productType = "com.apple.product-type.application";
		};
/* End PBXNativeTarget section */

/* Begin PBXProject section */
		CA8697B31DEFAD2000991A07 /* Project object */ = {
			isa = PBXProject;
			attributes = {
				LastSwiftUpdateCheck = 0810;
				LastUpgradeCheck = 0810;
				ORGANIZATIONNAME = Penguins;
				TargetAttributes = {
					CA8697BA1DEFAD2000991A07 = {
						CreatedOnToolsVersion = 8.1;
						DevelopmentTeam = Q6KS2Q9G7H;
						ProvisioningStyle = Automatic;
					};
				};
			};
			buildConfigurationList = CA8697B61DEFAD2000991A07 /* Build configuration list for PBXProject "Emoji Dictionary" */;
			compatibilityVersion = "Xcode 3.2";
			developmentRegion = English;
			hasScannedForEncodings = 0;
			knownRegions = (
				en,
				Base,
			);
			mainGroup = CA8697B21DEFAD2000991A07;
			productRefGroup = CA8697BC1DEFAD2000991A07 /* Products */;
			projectDirPath = "";
			projectRoot = "";
			targets = (
				CA8697BA1DEFAD2000991A07 /* Emoji Dictionary */,
			);
		};
/* End PBXProject section */

/* Begin PBXResourcesBuildPhase section */
		CA8697B91DEFAD2000991A07 /* Resources */ = {
			isa = PBXResourcesBuildPhase;
			buildActionMask = 2147483647;
			files = (
				CA8697C91DEFAD2000991A07 /* LaunchScreen.storyboard in Resources */,
				CA8697C61DEFAD2000991A07 /* Assets.xcassets in Resources */,
				CA8697C41DEFAD2000991A07 /* Main.storyboard in Resources */,
			);
			runOnlyForDeploymentPostprocessing = 0;
		};
/* End PBXResourcesBuildPhase section */

/* Begin PBXSourcesBuildPhase section */
		CA8697B71DEFAD2000991A07 /* Sources */ = {
			isa = PBXSourcesBuildPhase;
			buildActionMask = 2147483647;
			files = (
				CA8697C11DEFAD2000991A07 /* ViewController.swift in Sources */,
				CA8697D11DEFBB1C00991A07 /* DefinitionViewController.swift in Sources */,
				CA8697BF1DEFAD2000991A07 /* AppDelegate.swift in Sources */,
			);
			runOnlyForDeploymentPostprocessing = 0;
		};
/* End PBXSourcesBuildPhase section */

/* Begin PBXVariantGroup section */
		CA8697C21DEFAD2000991A07 /* Main.storyboard */ = {
			isa = PBXVariantGroup;
			children = (
				CA8697C31DEFAD2000991A07 /* Base */,
			);
			name = Main.storyboard;
			sourceTree = "<group>";
		};
		CA8697C71DEFAD2000991A07 /* LaunchScreen.storyboard */ = {
			isa = PBXVariantGroup;
			children = (
				CA8697C81DEFAD2000991A07 /* Base */,
			);
			name = LaunchScreen.storyboard;
			sourceTree = "<group>";
		};
/* End PBXVariantGroup section */

/* Begin XCBuildConfiguration section */
		CA8697CB1DEFAD2000991A07 /* Debug */ = {
			isa = XCBuildConfiguration;
			buildSettings = {
				ALWAYS_SEARCH_USER_PATHS = NO;
				CLANG_ANALYZER_NONNULL = YES;
				CLANG_CXX_LANGUAGE_STANDARD = "gnu++0x";
				CLANG_CXX_LIBRARY = "libc++";
				CLANG_ENABLE_MODULES = YES;
				CLANG_ENABLE_OBJC_ARC = YES;
				CLANG_WARN_BOOL_CONVERSION = YES;
				CLANG_WARN_CONSTANT_CONVERSION = YES;
				CLANG_WARN_DIRECT_OBJC_ISA_USAGE = YES_ERROR;
				CLANG_WARN_DOCUMENTATION_COMMENTS = YES;
				CLANG_WARN_EMPTY_BODY = YES;
				CLANG_WARN_ENUM_CONVERSION = YES;
				CLANG_WARN_INFINITE_RECURSION = YES;
				CLANG_WARN_INT_CONVERSION = YES;
				CLANG_WARN_OBJC_ROOT_CLASS = YES_ERROR;
				CLANG_WARN_SUSPICIOUS_MOVES = YES;
				CLANG_WARN_UNREACHABLE_CODE = YES;
				CLANG_WARN__DUPLICATE_METHOD_MATCH = YES;
				"CODE_SIGN_IDENTITY[sdk=iphoneos*]" = "iPhone Developer";
				COPY_PHASE_STRIP = NO;
				DEBUG_INFORMATION_FORMAT = dwarf;
				ENABLE_STRICT_OBJC_MSGSEND = YES;
				ENABLE_TESTABILITY = YES;
				GCC_C_LANGUAGE_STANDARD = gnu99;
				GCC_DYNAMIC_NO_PIC = NO;
				GCC_NO_COMMON_BLOCKS = YES;
				GCC_OPTIMIZATION_LEVEL = 0;
				GCC_PREPROCESSOR_DEFINITIONS = (
					"DEBUG=1",
					"$(inherited)",
				);
				GCC_WARN_64_TO_32_BIT_CONVERSION = YES;
				GCC_WARN_ABOUT_RETURN_TYPE = YES_ERROR;
				GCC_WARN_UNDECLARED_SELECTOR = YES;
				GCC_WARN_UNINITIALIZED_AUTOS = YES_AGGRESSIVE;
				GCC_WARN_UNUSED_FUNCTION = YES;
				GCC_WARN_UNUSED_VARIABLE = YES;
				IPHONEOS_DEPLOYMENT_TARGET = 10.1;
				MTL_ENABLE_DEBUG_INFO = YES;
				ONLY_ACTIVE_ARCH = YES;
				SDKROOT = iphoneos;
				SWIFT_ACTIVE_COMPILATION_CONDITIONS = DEBUG;
				SWIFT_OPTIMIZATION_LEVEL = "-Onone";
				TARGETED_DEVICE_FAMILY = "1,2";
			};
			name = Debug;
		};
		CA8697CC1DEFAD2000991A07 /* Release */ = {
			isa = XCBuildConfiguration;
			buildSettings = {
				ALWAYS_SEARCH_USER_PATHS = NO;
				CLANG_ANALYZER_NONNULL = YES;
				CLANG_CXX_LANGUAGE_STANDARD = "gnu++0x";
				CLANG_CXX_LIBRARY = "libc++";
				CLANG_ENABLE_MODULES = YES;
				CLANG_ENABLE_OBJC_ARC = YES;
				CLANG_WARN_BOOL_CONVERSION = YES;
				CLANG_WARN_CONSTANT_CONVERSION = YES;
				CLANG_WARN_DIRECT_OBJC_ISA_USAGE = YES_ERROR;
				CLANG_WARN_DOCUMENTATION_COMMENTS = YES;
				CLANG_WARN_EMPTY_BODY = YES;
				CLANG_WARN_ENUM_CONVERSION = YES;
				CLANG_WARN_INFINITE_RECURSION = YES;
				CLANG_WARN_INT_CONVERSION = YES;
				CLANG_WARN_OBJC_ROOT_CLASS = YES_ERROR;
				CLANG_WARN_SUSPICIOUS_MOVES = YES;
				CLANG_WARN_UNREACHABLE_CODE = YES;
				CLANG_WARN__DUPLICATE_METHOD_MATCH = YES;
				"CODE_SIGN_IDENTITY[sdk=iphoneos*]" = "iPhone Developer";
				COPY_PHASE_STRIP = NO;
				DEBUG_INFORMATION_FORMAT = "dwarf-with-dsym";
				ENABLE_NS_ASSERTIONS = NO;
				ENABLE_STRICT_OBJC_MSGSEND = YES;
				GCC_C_LANGUAGE_STANDARD = gnu99;
				GCC_NO_COMMON_BLOCKS = YES;
				GCC_WARN_64_TO_32_BIT_CONVERSION = YES;
				GCC_WARN_ABOUT_RETURN_TYPE = YES_ERROR;
				GCC_WARN_UNDECLARED_SELECTOR = YES;
				GCC_WARN_UNINITIALIZED_AUTOS = YES_AGGRESSIVE;
				GCC_WARN_UNUSED_FUNCTION = YES;
				GCC_WARN_UNUSED_VARIABLE = YES;
				IPHONEOS_DEPLOYMENT_TARGET = 10.1;
				MTL_ENABLE_DEBUG_INFO = NO;
				SDKROOT = iphoneos;
				SWIFT_OPTIMIZATION_LEVEL = "-Owholemodule";
				TARGETED_DEVICE_FAMILY = "1,2";
				VALIDATE_PRODUCT = YES;
			};
			name = Release;
		};
		CA8697CE1DEFAD2000991A07 /* Debug */ = {
			isa = XCBuildConfiguration;
			buildSettings = {
				ASSETCATALOG_COMPILER_APPICON_NAME = AppIcon;
				DEVELOPMENT_TEAM = Q6KS2Q9G7H;
				INFOPLIST_FILE = "Emoji Dictionary/Info.plist";
				LD_RUNPATH_SEARCH_PATHS = "$(inherited) @executable_path/Frameworks";
				PRODUCT_BUNDLE_IDENTIFIER = "com.appstuff.Emoji-Dictionary";
				PRODUCT_NAME = "$(TARGET_NAME)";
				SWIFT_VERSION = 3.0;
			};
			name = Debug;
		};
		CA8697CF1DEFAD2000991A07 /* Release */ = {
			isa = XCBuildConfiguration;
			buildSettings = {
				ASSETCATALOG_COMPILER_APPICON_NAME = AppIcon;
				DEVELOPMENT_TEAM = Q6KS2Q9G7H;
				INFOPLIST_FILE = "Emoji Dictionary/Info.plist";
				LD_RUNPATH_SEARCH_PATHS = "$(inherited) @executable_path/Frameworks";
				PRODUCT_BUNDLE_IDENTIFIER = "com.appstuff.Emoji-Dictionary";
				PRODUCT_NAME = "$(TARGET_NAME)";
				SWIFT_VERSION = 3.0;
			};
			name = Release;
		};
/* End XCBuildConfiguration section */

/* Begin XCConfigurationList section */
		CA8697B61DEFAD2000991A07 /* Build configuration list for PBXProject "Emoji Dictionary" */ = {
			isa = XCConfigurationList;
			buildConfigurations = (
				CA8697CB1DEFAD2000991A07 /* Debug */,
				CA8697CC1DEFAD2000991A07 /* Release */,
			);
			defaultConfigurationIsVisible = 0;
			defaultConfigurationName = Release;
		};
		CA8697CD1DEFAD2000991A07 /* Build configuration list for PBXNativeTarget "Emoji Dictionary" */ = {
			isa = XCConfigurationList;
			buildConfigurations = (
				CA8697CE1DEFAD2000991A07 /* Debug */,
				CA8697CF1DEFAD2000991A07 /* Release */,
			);
			defaultConfigurationIsVisible = 0;
		};
/* End XCConfigurationList section */
	};
	rootObject = CA8697B31DEFAD2000991A07 /* Project object */;
}
